
Microsoft Visual Studio Solution File, Format Version 12.00
Project("{FAE04EC0-301F-11D3-BF4B-00C04F79EFBC}") = "ShopAPI", "ShopAPI\ShopAPI.csproj", "{B130E5D8-7001-4100-8743-79F563AEF50F}"
EndProject
Project("{FAE04EC0-301F-11D3-BF4B-00C04F79EFBC}") = "BlazorClient", "BlazorClient\BlazorClient.csproj", "{50C42CE1-865B-41DB-8675-1B2DD33780B0}"
EndProject
Project("{FAE04EC0-301F-11D3-BF4B-00C04F79EFBC}") = "Shared", "Shared\Shared.csproj", "{4573D0F1-E908-45B9-94B0-333834CF3D69}"
EndProject
Project("{FAE04EC0-301F-11D3-BF4B-00C04F79EFBC}") = "ShopApplication", "ShopApplication\ShopApplication.csproj", "{F351FF63-E2E6-484F-AFA0-764F6F62F0C1}"
EndProject
Project("{FAE04EC0-301F-11D3-BF4B-00C04F79EFBC}") = "EfcDataAccess", "EfcDataAccess\EfcDataAccess.csproj", "{CDE22938-B94E-418D-A7A5-E98643CE0F3C}"
EndProject
Project("{FAE04EC0-301F-11D3-BF4B-00C04F79EFBC}") = "GrpcClient", "GrpcClient\GrpcClient.csproj", "{13C8E4B4-6ED8-4B60-B101-0A66F536FA54}"
EndProject
Global
	GlobalSection(SolutionConfigurationPlatforms) = preSolution
		Debug|Any CPU = Debug|Any CPU
		Release|Any CPU = Release|Any CPU
	EndGlobalSection
	GlobalSection(ProjectConfigurationPlatforms) = postSolution
		{B130E5D8-7001-4100-8743-79F563AEF50F}.Debug|Any CPU.ActiveCfg = Debug|Any CPU
		{B130E5D8-7001-4100-8743-79F563AEF50F}.Debug|Any CPU.Build.0 = Debug|Any CPU
		{B130E5D8-7001-4100-8743-79F563AEF50F}.Release|Any CPU.ActiveCfg = Release|Any CPU
		{B130E5D8-7001-4100-8743-79F563AEF50F}.Release|Any CPU.Build.0 = Release|Any CPU
		{50C42CE1-865B-41DB-8675-1B2DD33780B0}.Debug|Any CPU.ActiveCfg = Debug|Any CPU
		{50C42CE1-865B-41DB-8675-1B2DD33780B0}.Debug|Any CPU.Build.0 = Debug|Any CPU
		{50C42CE1-865B-41DB-8675-1B2DD33780B0}.Release|Any CPU.ActiveCfg = Release|Any CPU
		{50C42CE1-865B-41DB-8675-1B2DD33780B0}.Release|Any CPU.Build.0 = Release|Any CPU
		{4573D0F1-E908-45B9-94B0-333834CF3D69}.Debug|Any CPU.ActiveCfg = Debug|Any CPU
		{4573D0F1-E908-45B9-94B0-333834CF3D69}.Debug|Any CPU.Build.0 = Debug|Any CPU
		{4573D0F1-E908-45B9-94B0-333834CF3D69}.Release|Any CPU.ActiveCfg = Release|Any CPU
		{4573D0F1-E908-45B9-94B0-333834CF3D69}.Release|Any CPU.Build.0 = Release|Any CPU
		{F351FF63-E2E6-484F-AFA0-764F6F62F0C1}.Debug|Any CPU.ActiveCfg = Debug|Any CPU
		{F351FF63-E2E6-484F-AFA0-764F6F62F0C1}.Debug|Any CPU.Build.0 = Debug|Any CPU
		{F351FF63-E2E6-484F-AFA0-764F6F62F0C1}.Release|Any CPU.ActiveCfg = Release|Any CPU
		{F351FF63-E2E6-484F-AFA0-764F6F62F0C1}.Release|Any CPU.Build.0 = Release|Any CPU
		{CDE22938-B94E-418D-A7A5-E98643CE0F3C}.Debug|Any CPU.ActiveCfg = Debug|Any CPU
		{CDE22938-B94E-418D-A7A5-E98643CE0F3C}.Debug|Any CPU.Build.0 = Debug|Any CPU
		{CDE22938-B94E-418D-A7A5-E98643CE0F3C}.Release|Any CPU.ActiveCfg = Release|Any CPU
		{CDE22938-B94E-418D-A7A5-E98643CE0F3C}.Release|Any CPU.Build.0 = Release|Any CPU
		{13C8E4B4-6ED8-4B60-B101-0A66F536FA54}.Debug|Any CPU.ActiveCfg = Debug|Any CPU
		{13C8E4B4-6ED8-4B60-B101-0A66F536FA54}.Debug|Any CPU.Build.0 = Debug|Any CPU
		{13C8E4B4-6ED8-4B60-B101-0A66F536FA54}.Release|Any CPU.ActiveCfg = Release|Any CPU
		{13C8E4B4-6ED8-4B60-B101-0A66F536FA54}.Release|Any CPU.Build.0 = Release|Any CPU
	EndGlobalSection
EndGlobal
